
Microsoft Visual Studio Solution File, Format Version 12.00
# Visual Studio Version 16
VisualStudioVersion = 16.0.28803.352
MinimumVisualStudioVersion = 10.0.40219.1
Project("{9A19103F-16F7-4668-BE54-9A1E7A4F7556}") = "CarvedRock.API", "CarvedRock.API\CarvedRock.API.csproj", "{9938594C-CCB6-4F80-99B1-6BD8EF9B5C0A}"
EndProject
Project("{FAE04EC0-301F-11D3-BF4B-00C04F79EFBC}") = "CarvedRock.Web", "CarvedRock.Web\CarvedRock.Web.csproj", "{D271B7E5-615F-4F08-BF7B-32498A190546}"
EndProject
Global
	GlobalSection(SolutionConfigurationPlatforms) = preSolution
		Debug|Any CPU = Debug|Any CPU
		Release|Any CPU = Release|Any CPU
	EndGlobalSection
	GlobalSection(ProjectConfigurationPlatforms) = postSolution
		{9938594C-CCB6-4F80-99B1-6BD8EF9B5C0A}.Debug|Any CPU.ActiveCfg = Debug|Any CPU
		{9938594C-CCB6-4F80-99B1-6BD8EF9B5C0A}.Debug|Any CPU.Build.0 = Debug|Any CPU
		{9938594C-CCB6-4F80-99B1-6BD8EF9B5C0A}.Release|Any CPU.ActiveCfg = Release|Any CPU
		{9938594C-CCB6-4F80-99B1-6BD8EF9B5C0A}.Release|Any CPU.Build.0 = Release|Any CPU
		{D271B7E5-615F-4F08-BF7B-32498A190546}.Debug|Any CPU.ActiveCfg = Debug|Any CPU
		{D271B7E5-615F-4F08-BF7B-32498A190546}.Debug|Any CPU.Build.0 = Debug|Any CPU
		{D271B7E5-615F-4F08-BF7B-32498A190546}.Release|Any CPU.ActiveCfg = Release|Any CPU
		{D271B7E5-615F-4F08-BF7B-32498A190546}.Release|Any CPU.Build.0 = Release|Any CPU
	EndGlobalSection
	GlobalSection(SolutionProperties) = preSolution
		HideSolutionNode = FALSE
	EndGlobalSection
	GlobalSection(ExtensibilityGlobals) = postSolution
		SolutionGuid = {774FF61E-64CB-4C37-89D7-849D74106C39}
	EndGlobalSection
EndGlobal
